// !$*UTF8*$!
{
	archiveVersion = 1;
	classes = {
	};
	objectVersion = 55;
	objects = {

/* Begin PBXBuildFile section */
		2D25A8A028BC928600BFA561 /* main.cpp in Sources */ = {isa = PBXBuildFile; fileRef = 2D25A89F28BC928600BFA561 /* main.cpp */; };
		2D25A8AB28BC92A200BFA561 /* goose.cpp in Sources */ = {isa = PBXBuildFile; fileRef = 2D25A8A628BC92A200BFA561 /* goose.cpp */; };
		2D25A8B428BC96AD00BFA561 /* libSDL2-2.0.0.dylib in Frameworks */ = {isa = PBXBuildFile; fileRef = 2D25A8B328BC96AD00BFA561 /* libSDL2-2.0.0.dylib */; };
		2D25A8B528BC96AD00BFA561 /* libSDL2-2.0.0.dylib in Embed Libraries */ = {isa = PBXBuildFile; fileRef = 2D25A8B328BC96AD00BFA561 /* libSDL2-2.0.0.dylib */; settings = {ATTRIBUTES = (CodeSignOnCopy, ); }; };
/* End PBXBuildFile section */

/* Begin PBXCopyFilesBuildPhase section */
		2D25A89A28BC928600BFA561 /* CopyFiles */ = {
			isa = PBXCopyFilesBuildPhase;
			buildActionMask = 2147483647;
			dstPath = /usr/share/man/man1/;
			dstSubfolderSpec = 0;
			files = (
			);
			runOnlyForDeploymentPostprocessing = 1;
		};
		2D25A8B628BC96AD00BFA561 /* Embed Libraries */ = {
			isa = PBXCopyFilesBuildPhase;
			buildActionMask = 2147483647;
			dstPath = "";
			dstSubfolderSpec = 10;
			files = (
				2D25A8B528BC96AD00BFA561 /* libSDL2-2.0.0.dylib in Embed Libraries */,
			);
			name = "Embed Libraries";
			runOnlyForDeploymentPostprocessing = 0;
		};
/* End PBXCopyFilesBuildPhase section */

/* Begin PBXFileReference section */
		2D25A89C28BC928600BFA561 /* cicorun */ = {isa = PBXFileReference; explicitFileType = "compiled.mach-o.executable"; includeInIndex = 0; path = cicorun; sourceTree = BUILT_PRODUCTS_DIR; };
		2D25A89F28BC928600BFA561 /* main.cpp */ = {isa = PBXFileReference; lastKnownFileType = sourcecode.cpp.cpp; path = main.cpp; sourceTree = "<group>"; };
		2D25A8A628BC92A200BFA561 /* goose.cpp */ = {isa = PBXFileReference; fileEncoding = 4; lastKnownFileType = sourcecode.cpp.cpp; path = goose.cpp; sourceTree = "<group>"; };
		2D25A8A728BC92A200BFA561 /* sdl.h */ = {isa = PBXFileReference; fileEncoding = 4; lastKnownFileType = sourcecode.c.h; path = sdl.h; sourceTree = "<group>"; };
		2D25A8A828BC92A200BFA561 /* ega.h */ = {isa = PBXFileReference; fileEncoding = 4; lastKnownFileType = sourcecode.c.h; path = ega.h; sourceTree = "<group>"; };
		2D25A8A928BC92A200BFA561 /* cicoemu.h */ = {isa = PBXFileReference; fileEncoding = 4; lastKnownFileType = sourcecode.c.h; path = cicoemu.h; sourceTree = "<group>"; };
		2D25A8B328BC96AD00BFA561 /* libSDL2-2.0.0.dylib */ = {isa = PBXFileReference; lastKnownFileType = "compiled.mach-o.dylib"; name = "libSDL2-2.0.0.dylib"; path = "../../../../../../../opt/homebrew/Cellar/sdl2/2.24.0/lib/libSDL2-2.0.0.dylib"; sourceTree = "<group>"; };
/* End PBXFileReference section */

/* Begin PBXFrameworksBuildPhase section */
		2D25A89928BC928600BFA561 /* Frameworks */ = {
			isa = PBXFrameworksBuildPhase;
			buildActionMask = 2147483647;
			files = (
				2D25A8B428BC96AD00BFA561 /* libSDL2-2.0.0.dylib in Frameworks */,
			);
			runOnlyForDeploymentPostprocessing = 0;
		};
/* End PBXFrameworksBuildPhase section */

/* Begin PBXGroup section */
		2D25A89328BC928600BFA561 = {
			isa = PBXGroup;
			children = (
				2D25A89E28BC928600BFA561 /* cicorun */,
				2D25A89D28BC928600BFA561 /* Products */,
				2D25A8AD28BC933500BFA561 /* Frameworks */,
			);
			sourceTree = "<group>";
		};
		2D25A89D28BC928600BFA561 /* Products */ = {
			isa = PBXGroup;
			children = (
				2D25A89C28BC928600BFA561 /* cicorun */,
			);
			name = Products;
			sourceTree = "<group>";
		};
		2D25A89E28BC928600BFA561 /* cicorun */ = {
			isa = PBXGroup;
			children = (
				2D25A89F28BC928600BFA561 /* main.cpp */,
				2D25A8A928BC92A200BFA561 /* cicoemu.h */,
				2D25A8A828BC92A200BFA561 /* ega.h */,
				2D25A8A628BC92A200BFA561 /* goose.cpp */,
				2D25A8A728BC92A200BFA561 /* sdl.h */,
			);
			path = cicorun;
			sourceTree = "<group>";
		};
		2D25A8AD28BC933500BFA561 /* Frameworks */ = {
			isa = PBXGroup;
			children = (
				2D25A8B328BC96AD00BFA561 /* libSDL2-2.0.0.dylib */,
			);
			name = Frameworks;
			sourceTree = "<group>";
		};
/* End PBXGroup section */

/* Begin PBXNativeTarget section */
		2D25A89B28BC928600BFA561 /* cicorun */ = {
			isa = PBXNativeTarget;
			buildConfigurationList = 2D25A8A328BC928600BFA561 /* Build configuration list for PBXNativeTarget "cicorun" */;
			buildPhases = (
				2D25A89828BC928600BFA561 /* Sources */,
				2D25A89928BC928600BFA561 /* Frameworks */,
				2D25A89A28BC928600BFA561 /* CopyFiles */,
				2D25A8B628BC96AD00BFA561 /* Embed Libraries */,
			);
			buildRules = (
			);
			dependencies = (
			);
			name = cicorun;
			productName = cicorun;
			productReference = 2D25A89C28BC928600BFA561 /* cicorun */;
			productType = "com.apple.product-type.tool";
		};
/* End PBXNativeTarget section */

/* Begin PBXProject section */
		2D25A89428BC928600BFA561 /* Project object */ = {
			isa = PBXProject;
			attributes = {
				BuildIndependentTargetsInParallel = 1;
				LastUpgradeCheck = 1320;
				TargetAttributes = {
					2D25A89B28BC928600BFA561 = {
						CreatedOnToolsVersion = 13.2.1;
					};
				};
			};
			buildConfigurationList = 2D25A89728BC928600BFA561 /* Build configuration list for PBXProject "cicorun" */;
			compatibilityVersion = "Xcode 13.0";
			developmentRegion = en;
			hasScannedForEncodings = 0;
			knownRegions = (
				en,
				Base,
			);
			mainGroup = 2D25A89328BC928600BFA561;
			productRefGroup = 2D25A89D28BC928600BFA561 /* Products */;
			projectDirPath = "";
			projectRoot = "";
			targets = (
				2D25A89B28BC928600BFA561 /* cicorun */,
			);
		};
/* End PBXProject section */

/* Begin PBXSourcesBuildPhase section */
		2D25A89828BC928600BFA561 /* Sources */ = {
			isa = PBXSourcesBuildPhase;
			buildActionMask = 2147483647;
			files = (
				2D25A8A028BC928600BFA561 /* main.cpp in Sources */,
				2D25A8AB28BC92A200BFA561 /* goose.cpp in Sources */,
			);
			runOnlyForDeploymentPostprocessing = 0;
		};
/* End PBXSourcesBuildPhase section */

/* Begin XCBuildConfiguration section */
		2D25A8A128BC928600BFA561 /* Debug */ = {
			isa = XCBuildConfiguration;
			buildSettings = {
				ALWAYS_SEARCH_USER_PATHS = NO;
				CLANG_ANALYZER_NONNULL = YES;
				CLANG_ANALYZER_NUMBER_OBJECT_CONVERSION = YES_AGGRESSIVE;
				CLANG_CXX_LANGUAGE_STANDARD = "gnu++17";
				CLANG_CXX_LIBRARY = "libc++";
				CLANG_ENABLE_MODULES = YES;
				CLANG_ENABLE_OBJC_ARC = YES;
				CLANG_ENABLE_OBJC_WEAK = YES;
				CLANG_WARN_BLOCK_CAPTURE_AUTORELEASING = YES;
				CLANG_WARN_BOOL_CONVERSION = YES;
				CLANG_WARN_COMMA = YES;
				CLANG_WARN_CONSTANT_CONVERSION = YES;
				CLANG_WARN_DEPRECATED_OBJC_IMPLEMENTATIONS = YES;
				CLANG_WARN_DIRECT_OBJC_ISA_USAGE = YES_ERROR;
				CLANG_WARN_DOCUMENTATION_COMMENTS = YES;
				CLANG_WARN_EMPTY_BODY = YES;
				CLANG_WARN_ENUM_CONVERSION = YES;
				CLANG_WARN_INFINITE_RECURSION = YES;
				CLANG_WARN_INT_CONVERSION = YES;
				CLANG_WARN_NON_LITERAL_NULL_CONVERSION = YES;
				CLANG_WARN_OBJC_IMPLICIT_RETAIN_SELF = YES;
				CLANG_WARN_OBJC_LITERAL_CONVERSION = YES;
				CLANG_WARN_OBJC_ROOT_CLASS = YES_ERROR;
				CLANG_WARN_QUOTED_INCLUDE_IN_FRAMEWORK_HEADER = YES;
				CLANG_WARN_RANGE_LOOP_ANALYSIS = YES;
				CLANG_WARN_STRICT_PROTOTYPES = YES;
				CLANG_WARN_SUSPICIOUS_MOVE = YES;
				CLANG_WARN_UNGUARDED_AVAILABILITY = YES_AGGRESSIVE;
				CLANG_WARN_UNREACHABLE_CODE = YES;
				CLANG_WARN__DUPLICATE_METHOD_MATCH = YES;
				COPY_PHASE_STRIP = NO;
				DEBUG_INFORMATION_FORMAT = dwarf;
				ENABLE_STRICT_OBJC_MSGSEND = YES;
				ENABLE_TESTABILITY = YES;
				GCC_C_LANGUAGE_STANDARD = gnu11;
				GCC_DYNAMIC_NO_PIC = NO;
				GCC_NO_COMMON_BLOCKS = YES;
				GCC_OPTIMIZATION_LEVEL = 0;
				GCC_PREPROCESSOR_DEFINITIONS = (
					"DEBUG=1",
					"$(inherited)",
				);
				GCC_WARN_64_TO_32_BIT_CONVERSION = YES;
				GCC_WARN_ABOUT_RETURN_TYPE = YES_ERROR;
				GCC_WARN_UNDECLARED_SELECTOR = YES;
				GCC_WARN_UNINITIALIZED_AUTOS = YES_AGGRESSIVE;
				GCC_WARN_UNUSED_FUNCTION = YES;
				GCC_WARN_UNUSED_VARIABLE = YES;
				MACOSX_DEPLOYMENT_TARGET = 12.1;
				MTL_ENABLE_DEBUG_INFO = INCLUDE_SOURCE;
				MTL_FAST_MATH = YES;
				ONLY_ACTIVE_ARCH = YES;
				SDKROOT = macosx;
			};
			name = Debug;
		};
		2D25A8A228BC928600BFA561 /* Release */ = {
			isa = XCBuildConfiguration;
			buildSettings = {
				ALWAYS_SEARCH_USER_PATHS = NO;
				CLANG_ANALYZER_NONNULL = YES;
				CLANG_ANALYZER_NUMBER_OBJECT_CONVERSION = YES_AGGRESSIVE;
				CLANG_CXX_LANGUAGE_STANDARD = "gnu++17";
				CLANG_CXX_LIBRARY = "libc++";
				CLANG_ENABLE_MODULES = YES;
				CLANG_ENABLE_OBJC_ARC = YES;
				CLANG_ENABLE_OBJC_WEAK = YES;
				CLANG_WARN_BLOCK_CAPTURE_AUTORELEASING = YES;
				CLANG_WARN_BOOL_CONVERSION = YES;
				CLANG_WARN_COMMA = YES;
				CLANG_WARN_CONSTANT_CONVERSION = YES;
				CLANG_WARN_DEPRECATED_OBJC_IMPLEMENTATIONS = YES;
				CLANG_WARN_DIRECT_OBJC_ISA_USAGE = YES_ERROR;
				CLANG_WARN_DOCUMENTATION_COMMENTS = YES;
				CLANG_WARN_EMPTY_BODY = YES;
				CLANG_WARN_ENUM_CONVERSION = YES;
				CLANG_WARN_INFINITE_RECURSION = YES;
				CLANG_WARN_INT_CONVERSION = YES;
				CLANG_WARN_NON_LITERAL_NULL_CONVERSION = YES;
				CLANG_WARN_OBJC_IMPLICIT_RETAIN_SELF = YES;
				CLANG_WARN_OBJC_LITERAL_CONVERSION = YES;
				CLANG_WARN_OBJC_ROOT_CLASS = YES_ERROR;
				CLANG_WARN_QUOTED_INCLUDE_IN_FRAMEWORK_HEADER = YES;
				CLANG_WARN_RANGE_LOOP_ANALYSIS = YES;
				CLANG_WARN_STRICT_PROTOTYPES = YES;
				CLANG_WARN_SUSPICIOUS_MOVE = YES;
				CLANG_WARN_UNGUARDED_AVAILABILITY = YES_AGGRESSIVE;
				CLANG_WARN_UNREACHABLE_CODE = YES;
				CLANG_WARN__DUPLICATE_METHOD_MATCH = YES;
				COPY_PHASE_STRIP = NO;
				DEBUG_INFORMATION_FORMAT = "dwarf-with-dsym";
				ENABLE_NS_ASSERTIONS = NO;
				ENABLE_STRICT_OBJC_MSGSEND = YES;
				GCC_C_LANGUAGE_STANDARD = gnu11;
				GCC_NO_COMMON_BLOCKS = YES;
				GCC_WARN_64_TO_32_BIT_CONVERSION = YES;
				GCC_WARN_ABOUT_RETURN_TYPE = YES_ERROR;
				GCC_WARN_UNDECLARED_SELECTOR = YES;
				GCC_WARN_UNINITIALIZED_AUTOS = YES_AGGRESSIVE;
				GCC_WARN_UNUSED_FUNCTION = YES;
				GCC_WARN_UNUSED_VARIABLE = YES;
				MACOSX_DEPLOYMENT_TARGET = 12.1;
				MTL_ENABLE_DEBUG_INFO = NO;
				MTL_FAST_MATH = YES;
				SDKROOT = macosx;
			};
			name = Release;
		};
		2D25A8A428BC928600BFA561 /* Debug */ = {
			isa = XCBuildConfiguration;
			buildSettings = {
				CODE_SIGN_STYLE = Automatic;
				HEADER_SEARCH_PATHS = /opt/homebrew/Cellar/sdl2/2.24.0/include/SDL2/;
				LIBRARY_SEARCH_PATHS = (
					/opt/homebrew/Cellar/sdl2/2.24.0/lib/,
					/opt/homebrew/Cellar/sdl2/2.24.0/lib,
				);
				PRODUCT_NAME = "$(TARGET_NAME)";
			};
			name = Debug;
		};
		2D25A8A528BC928600BFA561 /* Release */ = {
			isa = XCBuildConfiguration;
			buildSettings = {
				CODE_SIGN_STYLE = Automatic;
				HEADER_SEARCH_PATHS = /opt/homebrew/Cellar/sdl2/2.24.0/include/SDL2/;
				LIBRARY_SEARCH_PATHS = (
					/opt/homebrew/Cellar/sdl2/2.24.0/lib/,
					/opt/homebrew/Cellar/sdl2/2.24.0/lib,
				);
				PRODUCT_NAME = "$(TARGET_NAME)";
			};
			name = Release;
		};
/* End XCBuildConfiguration section */

/* Begin XCConfigurationList section */
		2D25A89728BC928600BFA561 /* Build configuration list for PBXProject "cicorun" */ = {
			isa = XCConfigurationList;
			buildConfigurations = (
				2D25A8A128BC928600BFA561 /* Debug */,
				2D25A8A228BC928600BFA561 /* Release */,
			);
			defaultConfigurationIsVisible = 0;
			defaultConfigurationName = Release;
		};
		2D25A8A328BC928600BFA561 /* Build configuration list for PBXNativeTarget "cicorun" */ = {
			isa = XCConfigurationList;
			buildConfigurations = (
				2D25A8A428BC928600BFA561 /* Debug */,
				2D25A8A528BC928600BFA561 /* Release */,
			);
			defaultConfigurationIsVisible = 0;
			defaultConfigurationName = Release;
		};
/* End XCConfigurationList section */
	};
	rootObject = 2D25A89428BC928600BFA561 /* Project object */;
}
