// !$*UTF8*$!
{
	archiveVersion = 1;
	classes = {
	};
	objectVersion = 50;
	objects = {

/* Begin PBXBuildFile section */
		2DA6C5B0258AA66B002B1931 /* main.cpp in Sources */ = {isa = PBXBuildFile; fileRef = 2DA6C5AF258AA66B002B1931 /* main.cpp */; };
/* End PBXBuildFile section */

/* Begin PBXCopyFilesBuildPhase section */
		2DA6C5AA258AA66B002B1931 /* CopyFiles */ = {
			isa = PBXCopyFilesBuildPhase;
			buildActionMask = 2147483647;
			dstPath = /usr/share/man/man1/;
			dstSubfolderSpec = 0;
			files = (
			);
			runOnlyForDeploymentPostprocessing = 1;
		};
/* End PBXCopyFilesBuildPhase section */

/* Begin PBXFileReference section */
		2D2793D525AC50CD00DEC620 /* cdman.h */ = {isa = PBXFileReference; lastKnownFileType = sourcecode.c.h; path = cdman.h; sourceTree = "<group>"; };
		2D2793D725AD90B500DEC620 /* font.h */ = {isa = PBXFileReference; lastKnownFileType = sourcecode.c.h; path = font.h; sourceTree = "<group>"; };
		2D7C635D261D7E1500351AE8 /* machine.h */ = {isa = PBXFileReference; lastKnownFileType = sourcecode.c.h; path = machine.h; sourceTree = "<group>"; };
		2D7C635E261D7EA600351AE8 /* memory.h */ = {isa = PBXFileReference; lastKnownFileType = sourcecode.c.h; path = memory.h; sourceTree = "<group>"; };
		2D8F1B1525AF52790076B137 /* indirect.h */ = {isa = PBXFileReference; lastKnownFileType = sourcecode.c.h; path = indirect.h; sourceTree = "<group>"; };
		2D9EAF1F258E6A4300297C9C /* sdl.h */ = {isa = PBXFileReference; lastKnownFileType = sourcecode.c.h; path = sdl.h; sourceTree = "<group>"; };
		2D9EAF26258E750E00297C9C /* CicParserSim.entitlements */ = {isa = PBXFileReference; lastKnownFileType = text.plist.entitlements; path = CicParserSim.entitlements; sourceTree = "<group>"; };
		2DA6C5AC258AA66B002B1931 /* CicParserSim */ = {isa = PBXFileReference; explicitFileType = "compiled.mach-o.executable"; includeInIndex = 0; path = CicParserSim; sourceTree = BUILT_PRODUCTS_DIR; };
		2DA6C5AF258AA66B002B1931 /* main.cpp */ = {isa = PBXFileReference; lastKnownFileType = sourcecode.cpp.cpp; path = main.cpp; sourceTree = "<group>"; };
		2DA6C5B8258AA6E3002B1931 /* cpu.h */ = {isa = PBXFileReference; lastKnownFileType = sourcecode.c.h; path = cpu.h; sourceTree = "<group>"; };
		2DB9F18C258EA679000A3299 /* ega.h */ = {isa = PBXFileReference; lastKnownFileType = sourcecode.c.h; path = ega.h; sourceTree = "<group>"; };
/* End PBXFileReference section */

/* Begin PBXFrameworksBuildPhase section */
		2DA6C5A9258AA66B002B1931 /* Frameworks */ = {
			isa = PBXFrameworksBuildPhase;
			buildActionMask = 2147483647;
			files = (
			);
			runOnlyForDeploymentPostprocessing = 0;
		};
/* End PBXFrameworksBuildPhase section */

/* Begin PBXGroup section */
		2DA6C5A3258AA66B002B1931 = {
			isa = PBXGroup;
			children = (
				2DA6C5AE258AA66B002B1931 /* CicParserSim */,
				2DA6C5AD258AA66B002B1931 /* Products */,
			);
			sourceTree = "<group>";
		};
		2DA6C5AD258AA66B002B1931 /* Products */ = {
			isa = PBXGroup;
			children = (
				2DA6C5AC258AA66B002B1931 /* CicParserSim */,
			);
			name = Products;
			sourceTree = "<group>";
		};
		2DA6C5AE258AA66B002B1931 /* CicParserSim */ = {
			isa = PBXGroup;
			children = (
				2D9EAF26258E750E00297C9C /* CicParserSim.entitlements */,
				2D2793D525AC50CD00DEC620 /* cdman.h */,
				2D8F1B1525AF52790076B137 /* indirect.h */,
				2DA6C5AF258AA66B002B1931 /* main.cpp */,
				2D7C635E261D7EA600351AE8 /* memory.h */,
				2D9EAF1F258E6A4300297C9C /* sdl.h */,
				2DA6C5B8258AA6E3002B1931 /* cpu.h */,
				2D7C635D261D7E1500351AE8 /* machine.h */,
				2DB9F18C258EA679000A3299 /* ega.h */,
				2D2793D725AD90B500DEC620 /* font.h */,
			);
			path = CicParserSim;
			sourceTree = "<group>";
		};
/* End PBXGroup section */

/* Begin PBXNativeTarget section */
		2DA6C5AB258AA66B002B1931 /* CicParserSim */ = {
			isa = PBXNativeTarget;
			buildConfigurationList = 2DA6C5B3258AA66B002B1931 /* Build configuration list for PBXNativeTarget "CicParserSim" */;
			buildPhases = (
				2DA6C5A8258AA66B002B1931 /* Sources */,
				2DA6C5A9258AA66B002B1931 /* Frameworks */,
				2DA6C5AA258AA66B002B1931 /* CopyFiles */,
			);
			buildRules = (
			);
			dependencies = (
			);
			name = CicParserSim;
			productName = CicParserSim;
			productReference = 2DA6C5AC258AA66B002B1931 /* CicParserSim */;
			productType = "com.apple.product-type.tool";
		};
/* End PBXNativeTarget section */

/* Begin PBXProject section */
		2DA6C5A4258AA66B002B1931 /* Project object */ = {
			isa = PBXProject;
			attributes = {
				LastUpgradeCheck = 1220;
				TargetAttributes = {
					2DA6C5AB258AA66B002B1931 = {
						CreatedOnToolsVersion = 12.2;
					};
				};
			};
			buildConfigurationList = 2DA6C5A7258AA66B002B1931 /* Build configuration list for PBXProject "CicParserSim" */;
			compatibilityVersion = "Xcode 9.3";
			developmentRegion = en;
			hasScannedForEncodings = 0;
			knownRegions = (
				en,
				Base,
			);
			mainGroup = 2DA6C5A3258AA66B002B1931;
			productRefGroup = 2DA6C5AD258AA66B002B1931 /* Products */;
			projectDirPath = "";
			projectRoot = "";
			targets = (
				2DA6C5AB258AA66B002B1931 /* CicParserSim */,
			);
		};
/* End PBXProject section */

/* Begin PBXSourcesBuildPhase section */
		2DA6C5A8258AA66B002B1931 /* Sources */ = {
			isa = PBXSourcesBuildPhase;
			buildActionMask = 2147483647;
			files = (
				2DA6C5B0258AA66B002B1931 /* main.cpp in Sources */,
			);
			runOnlyForDeploymentPostprocessing = 0;
		};
/* End PBXSourcesBuildPhase section */

/* Begin XCBuildConfiguration section */
		2DA6C5B1258AA66B002B1931 /* Debug */ = {
			isa = XCBuildConfiguration;
			buildSettings = {
				ALWAYS_SEARCH_USER_PATHS = NO;
				CLANG_ANALYZER_NONNULL = YES;
				CLANG_ANALYZER_NUMBER_OBJECT_CONVERSION = YES_AGGRESSIVE;
				CLANG_CXX_LANGUAGE_STANDARD = "gnu++14";
				CLANG_CXX_LIBRARY = "libc++";
				CLANG_ENABLE_MODULES = YES;
				CLANG_ENABLE_OBJC_ARC = YES;
				CLANG_ENABLE_OBJC_WEAK = YES;
				CLANG_WARN_BLOCK_CAPTURE_AUTORELEASING = YES;
				CLANG_WARN_BOOL_CONVERSION = YES;
				CLANG_WARN_COMMA = YES;
				CLANG_WARN_CONSTANT_CONVERSION = YES;
				CLANG_WARN_DEPRECATED_OBJC_IMPLEMENTATIONS = YES;
				CLANG_WARN_DIRECT_OBJC_ISA_USAGE = YES_ERROR;
				CLANG_WARN_DOCUMENTATION_COMMENTS = YES;
				CLANG_WARN_EMPTY_BODY = YES;
				CLANG_WARN_ENUM_CONVERSION = YES;
				CLANG_WARN_INFINITE_RECURSION = YES;
				CLANG_WARN_INT_CONVERSION = YES;
				CLANG_WARN_NON_LITERAL_NULL_CONVERSION = YES;
				CLANG_WARN_OBJC_IMPLICIT_RETAIN_SELF = YES;
				CLANG_WARN_OBJC_LITERAL_CONVERSION = YES;
				CLANG_WARN_OBJC_ROOT_CLASS = YES_ERROR;
				CLANG_WARN_QUOTED_INCLUDE_IN_FRAMEWORK_HEADER = YES;
				CLANG_WARN_RANGE_LOOP_ANALYSIS = YES;
				CLANG_WARN_STRICT_PROTOTYPES = YES;
				CLANG_WARN_SUSPICIOUS_MOVE = YES;
				CLANG_WARN_UNGUARDED_AVAILABILITY = YES_AGGRESSIVE;
				CLANG_WARN_UNREACHABLE_CODE = YES;
				CLANG_WARN__DUPLICATE_METHOD_MATCH = YES;
				COPY_PHASE_STRIP = NO;
				DEBUG_INFORMATION_FORMAT = dwarf;
				ENABLE_STRICT_OBJC_MSGSEND = YES;
				ENABLE_TESTABILITY = YES;
				GCC_C_LANGUAGE_STANDARD = gnu11;
				GCC_DYNAMIC_NO_PIC = NO;
				GCC_NO_COMMON_BLOCKS = YES;
				GCC_OPTIMIZATION_LEVEL = 0;
				GCC_PREPROCESSOR_DEFINITIONS = (
					"DEBUG=1",
					"$(inherited)",
				);
				GCC_WARN_64_TO_32_BIT_CONVERSION = YES;
				GCC_WARN_ABOUT_RETURN_TYPE = YES_ERROR;
				GCC_WARN_UNDECLARED_SELECTOR = YES;
				GCC_WARN_UNINITIALIZED_AUTOS = YES_AGGRESSIVE;
				GCC_WARN_UNUSED_FUNCTION = YES;
				GCC_WARN_UNUSED_VARIABLE = YES;
				MACOSX_DEPLOYMENT_TARGET = 10.15;
				MTL_ENABLE_DEBUG_INFO = INCLUDE_SOURCE;
				MTL_FAST_MATH = YES;
				ONLY_ACTIVE_ARCH = YES;
				SDKROOT = macosx;
			};
			name = Debug;
		};
		2DA6C5B2258AA66B002B1931 /* Release */ = {
			isa = XCBuildConfiguration;
			buildSettings = {
				ALWAYS_SEARCH_USER_PATHS = NO;
				CLANG_ANALYZER_NONNULL = YES;
				CLANG_ANALYZER_NUMBER_OBJECT_CONVERSION = YES_AGGRESSIVE;
				CLANG_CXX_LANGUAGE_STANDARD = "gnu++14";
				CLANG_CXX_LIBRARY = "libc++";
				CLANG_ENABLE_MODULES = YES;
				CLANG_ENABLE_OBJC_ARC = YES;
				CLANG_ENABLE_OBJC_WEAK = YES;
				CLANG_WARN_BLOCK_CAPTURE_AUTORELEASING = YES;
				CLANG_WARN_BOOL_CONVERSION = YES;
				CLANG_WARN_COMMA = YES;
				CLANG_WARN_CONSTANT_CONVERSION = YES;
				CLANG_WARN_DEPRECATED_OBJC_IMPLEMENTATIONS = YES;
				CLANG_WARN_DIRECT_OBJC_ISA_USAGE = YES_ERROR;
				CLANG_WARN_DOCUMENTATION_COMMENTS = YES;
				CLANG_WARN_EMPTY_BODY = YES;
				CLANG_WARN_ENUM_CONVERSION = YES;
				CLANG_WARN_INFINITE_RECURSION = YES;
				CLANG_WARN_INT_CONVERSION = YES;
				CLANG_WARN_NON_LITERAL_NULL_CONVERSION = YES;
				CLANG_WARN_OBJC_IMPLICIT_RETAIN_SELF = YES;
				CLANG_WARN_OBJC_LITERAL_CONVERSION = YES;
				CLANG_WARN_OBJC_ROOT_CLASS = YES_ERROR;
				CLANG_WARN_QUOTED_INCLUDE_IN_FRAMEWORK_HEADER = YES;
				CLANG_WARN_RANGE_LOOP_ANALYSIS = YES;
				CLANG_WARN_STRICT_PROTOTYPES = YES;
				CLANG_WARN_SUSPICIOUS_MOVE = YES;
				CLANG_WARN_UNGUARDED_AVAILABILITY = YES_AGGRESSIVE;
				CLANG_WARN_UNREACHABLE_CODE = YES;
				CLANG_WARN__DUPLICATE_METHOD_MATCH = YES;
				COPY_PHASE_STRIP = NO;
				DEBUG_INFORMATION_FORMAT = "dwarf-with-dsym";
				ENABLE_NS_ASSERTIONS = NO;
				ENABLE_STRICT_OBJC_MSGSEND = YES;
				GCC_C_LANGUAGE_STANDARD = gnu11;
				GCC_NO_COMMON_BLOCKS = YES;
				GCC_WARN_64_TO_32_BIT_CONVERSION = YES;
				GCC_WARN_ABOUT_RETURN_TYPE = YES_ERROR;
				GCC_WARN_UNDECLARED_SELECTOR = YES;
				GCC_WARN_UNINITIALIZED_AUTOS = YES_AGGRESSIVE;
				GCC_WARN_UNUSED_FUNCTION = YES;
				GCC_WARN_UNUSED_VARIABLE = YES;
				MACOSX_DEPLOYMENT_TARGET = 10.15;
				MTL_ENABLE_DEBUG_INFO = NO;
				MTL_FAST_MATH = YES;
				SDKROOT = macosx;
			};
			name = Release;
		};
		2DA6C5B4258AA66B002B1931 /* Debug */ = {
			isa = XCBuildConfiguration;
			buildSettings = {
				CODE_SIGN_ENTITLEMENTS = CicParserSim/CicParserSim.entitlements;
				CODE_SIGN_STYLE = Automatic;
				DEVELOPMENT_TEAM = LHXY425M9Z;
				ENABLE_HARDENED_RUNTIME = YES;
				HEADER_SEARCH_PATHS = /usr/local/Cellar/sdl2/2.0.12_1/include/SDL2;
				OTHER_LDFLAGS = (
					"-lSDL2",
					"-L/usr/local/Cellar/sdl2/2.0.12_1/lib",
				);
				PRODUCT_NAME = "$(TARGET_NAME)";
			};
			name = Debug;
		};
		2DA6C5B5258AA66B002B1931 /* Release */ = {
			isa = XCBuildConfiguration;
			buildSettings = {
				CODE_SIGN_ENTITLEMENTS = CicParserSim/CicParserSim.entitlements;
				CODE_SIGN_STYLE = Automatic;
				DEVELOPMENT_TEAM = LHXY425M9Z;
				ENABLE_HARDENED_RUNTIME = YES;
				HEADER_SEARCH_PATHS = /usr/local/Cellar/sdl2/2.0.12_1/include/SDL2;
				OTHER_LDFLAGS = (
					"-lSDL2",
					"-L/usr/local/Cellar/sdl2/2.0.12_1/lib",
				);
				PRODUCT_NAME = "$(TARGET_NAME)";
			};
			name = Release;
		};
/* End XCBuildConfiguration section */

/* Begin XCConfigurationList section */
		2DA6C5A7258AA66B002B1931 /* Build configuration list for PBXProject "CicParserSim" */ = {
			isa = XCConfigurationList;
			buildConfigurations = (
				2DA6C5B1258AA66B002B1931 /* Debug */,
				2DA6C5B2258AA66B002B1931 /* Release */,
			);
			defaultConfigurationIsVisible = 0;
			defaultConfigurationName = Release;
		};
		2DA6C5B3258AA66B002B1931 /* Build configuration list for PBXNativeTarget "CicParserSim" */ = {
			isa = XCConfigurationList;
			buildConfigurations = (
				2DA6C5B4258AA66B002B1931 /* Debug */,
				2DA6C5B5258AA66B002B1931 /* Release */,
			);
			defaultConfigurationIsVisible = 0;
			defaultConfigurationName = Release;
		};
/* End XCConfigurationList section */
	};
	rootObject = 2DA6C5A4258AA66B002B1931 /* Project object */;
}
