// !$*UTF8*$!
{
	archiveVersion = 1;
	classes = {
	};
	objectVersion = 54;
	objects = {

/* Begin PBXAggregateTarget section */
		A5499741822045FA8EAA7ED1 /* ALL_BUILD */ = {
			isa = PBXAggregateTarget;
			buildConfigurationList = 3E3CB7CD04D440259C323EBD /* Build configuration list for PBXAggregateTarget "ALL_BUILD" */;
			buildPhases = (
				0999DE290CD4625F7C128625 /* Generate CMakeFiles/ALL_BUILD */,
			);
			dependencies = (
				E8F20F137BFA4332B62AF09D /* PBXTargetDependency */,
			);
			name = ALL_BUILD;
			productName = ALL_BUILD;
		};
/* End PBXAggregateTarget section */

/* Begin PBXBuildFile section */
		D92D0BC44EB5499FAFE5DE6A /* main.cpp in Sources */ = {isa = PBXBuildFile; fileRef = 16EC6F9CD4974CDB886DD3F4 /* main.cpp */; };
		DC70E226E32C48D095E451B2 /* tunneler.cpp in Sources */ = {isa = PBXBuildFile; fileRef = 1B1772A9EA8840B99020A6C0 /* tunneler.cpp */; };
/* End PBXBuildFile section */

/* Begin PBXContainerItemProxy section */
		413FDC1BBCD54D0FAEDF0F89 /* PBXContainerItemProxy */ = {
			isa = PBXContainerItemProxy;
			containerPortal = C7157063236B4A8482C3FE91 /* Project object */;
			proxyType = 1;
			remoteGlobalIDString = 4408D92D0FF248F2A511CE0B;
			remoteInfo = CicoProject;
		};
/* End PBXContainerItemProxy section */

/* Begin PBXFileReference section */
		16EC6F9CD4974CDB886DD3F4 /* main.cpp */ = {isa = PBXFileReference; explicitFileType = sourcecode.cpp.cpp; fileEncoding = 4; path = main.cpp; sourceTree = SOURCE_ROOT; };
		1B1772A9EA8840B99020A6C0 /* tunneler.cpp */ = {isa = PBXFileReference; explicitFileType = sourcecode.cpp.cpp; fileEncoding = 4; path = tunneler.cpp; sourceTree = SOURCE_ROOT; };
		4CA1D479E95F48AFA1256F5D /* CicoProject */ = {isa = PBXFileReference; explicitFileType = "compiled.mach-o.executable"; path = CicoProject; sourceTree = BUILT_PRODUCTS_DIR; };
		D5E488D308594BD7974E4353 /* CMakeLists.txt */ = {isa = PBXFileReference; explicitFileType = sourcecode.text; fileEncoding = 4; lastKnownFileType = text; path = CMakeLists.txt; sourceTree = SOURCE_ROOT; };
		ECAC80BD911A4ACCB9C0B139 /* CMakeLists.txt */ = {isa = PBXFileReference; explicitFileType = sourcecode.text; fileEncoding = 4; lastKnownFileType = text; path = CMakeLists.txt; sourceTree = SOURCE_ROOT; };
/* End PBXFileReference section */

/* Begin PBXFrameworksBuildPhase section */
		25A9C5562C3B4BF3947F52E8 /* Frameworks */ = {
			isa = PBXFrameworksBuildPhase;
			buildActionMask = 2147483647;
			files = (
			);
			runOnlyForDeploymentPostprocessing = 0;
		};
/* End PBXFrameworksBuildPhase section */

/* Begin PBXGroup section */
		1563B602D4ED42B696CBB141 /* Source Files */ = {
			isa = PBXGroup;
			children = (
				16EC6F9CD4974CDB886DD3F4 /* main.cpp */,
				1B1772A9EA8840B99020A6C0 /* tunneler.cpp */,
			);
			name = "Source Files";
			sourceTree = "<group>";
		};
		533D91D3CEEF48A795075205 /* Products */ = {
			isa = PBXGroup;
			children = (
				4CA1D479E95F48AFA1256F5D /* CicoProject */,
			);
			name = Products;
			sourceTree = "<group>";
		};
		6FA71544B25B45C792F61095 /* CicoProject */ = {
			isa = PBXGroup;
			children = (
				1563B602D4ED42B696CBB141 /* Source Files */,
				ECAC80BD911A4ACCB9C0B139 /* CMakeLists.txt */,
			);
			name = CicoProject;
			sourceTree = "<group>";
		};
		7C6B3FE716504468BDBEB6EF /* ALL_BUILD */ = {
			isa = PBXGroup;
			children = (
				E06C59207E154E6EA8BA833F /* CMake Rules */,
				D5E488D308594BD7974E4353 /* CMakeLists.txt */,
			);
			name = ALL_BUILD;
			sourceTree = "<group>";
		};
		B166F76CCA4943BABFD93176 = {
			isa = PBXGroup;
			children = (
				6FA71544B25B45C792F61095 /* CicoProject */,
				7C6B3FE716504468BDBEB6EF /* ALL_BUILD */,
				533D91D3CEEF48A795075205 /* Products */,
				BF774FCB986C4778A59A3CFC /* Frameworks */,
			);
			sourceTree = "<group>";
		};
		BF774FCB986C4778A59A3CFC /* Frameworks */ = {
			isa = PBXGroup;
			children = (
			);
			name = Frameworks;
			sourceTree = "<group>";
		};
		E06C59207E154E6EA8BA833F /* CMake Rules */ = {
			isa = PBXGroup;
			children = (
			);
			name = "CMake Rules";
			sourceTree = "<group>";
		};
/* End PBXGroup section */

/* Begin PBXNativeTarget section */
		4408D92D0FF248F2A511CE0B /* CicoProject */ = {
			isa = PBXNativeTarget;
			buildConfigurationList = F07523B0A6DD4BF3A2A11D14 /* Build configuration list for PBXNativeTarget "CicoProject" */;
			buildPhases = (
				1B93B3020D91489B8F50401A /* Sources */,
				25A9C5562C3B4BF3947F52E8 /* Frameworks */,
			);
			buildRules = (
			);
			dependencies = (
			);
			name = CicoProject;
			productName = CicoProject;
			productReference = 4CA1D479E95F48AFA1256F5D /* CicoProject */;
			productType = "com.apple.product-type.tool";
		};
/* End PBXNativeTarget section */

/* Begin PBXProject section */
		C7157063236B4A8482C3FE91 /* Project object */ = {
			isa = PBXProject;
			attributes = {
				LastUpgradeCheck = 1540;
			};
			buildConfigurationList = EEC5536591C642DF8D2C4066 /* Build configuration list for PBXProject "CicoProject" */;
			compatibilityVersion = "Xcode 3.2";
			developmentRegion = en;
			hasScannedForEncodings = 0;
			knownRegions = (
				en,
				Base,
			);
			mainGroup = B166F76CCA4943BABFD93176;
			projectDirPath = /Users/gabrielvalky/Documents/git/Projects/CicoJit/gamelib/tuneller/dos/cicorun;
			projectRoot = "";
			targets = (
				A5499741822045FA8EAA7ED1 /* ALL_BUILD */,
				4408D92D0FF248F2A511CE0B /* CicoProject */,
			);
		};
/* End PBXProject section */

/* Begin PBXShellScriptBuildPhase section */
		0999DE290CD4625F7C128625 /* Generate CMakeFiles/ALL_BUILD */ = {
			isa = PBXShellScriptBuildPhase;
			alwaysOutOfDate = 1;
			buildActionMask = 2147483647;
			files = (
			);
			inputPaths = (
			);
			name = "Generate CMakeFiles/ALL_BUILD";
			outputPaths = (
				/Users/gabrielvalky/Documents/git/Projects/CicoJit/gamelib/tuneller/dos/cicorun/build/CMakeFiles/ALL_BUILD,
			);
			runOnlyForDeploymentPostprocessing = 0;
			shellPath = /bin/sh;
			shellScript = "set -e\nif test \"$CONFIGURATION\" = \"Debug\"; then :\n  cd /Users/gabrielvalky/Documents/git/Projects/CicoJit/gamelib/tuneller/dos/cicorun/build\n  echo Build\\ all\\ projects\nfi\nif test \"$CONFIGURATION\" = \"Release\"; then :\n  cd /Users/gabrielvalky/Documents/git/Projects/CicoJit/gamelib/tuneller/dos/cicorun/build\n  echo Build\\ all\\ projects\nfi\nif test \"$CONFIGURATION\" = \"MinSizeRel\"; then :\n  cd /Users/gabrielvalky/Documents/git/Projects/CicoJit/gamelib/tuneller/dos/cicorun/build\n  echo Build\\ all\\ projects\nfi\nif test \"$CONFIGURATION\" = \"RelWithDebInfo\"; then :\n  cd /Users/gabrielvalky/Documents/git/Projects/CicoJit/gamelib/tuneller/dos/cicorun/build\n  echo Build\\ all\\ projects\nfi\n";
			showEnvVarsInLog = 0;
		};
/* End PBXShellScriptBuildPhase section */

/* Begin PBXSourcesBuildPhase section */
		1B93B3020D91489B8F50401A /* Sources */ = {
			isa = PBXSourcesBuildPhase;
			buildActionMask = 2147483647;
			files = (
				D92D0BC44EB5499FAFE5DE6A /* main.cpp in Sources */,
				DC70E226E32C48D095E451B2 /* tunneler.cpp in Sources */,
			);
			runOnlyForDeploymentPostprocessing = 0;
		};
/* End PBXSourcesBuildPhase section */

/* Begin PBXTargetDependency section */
		E8F20F137BFA4332B62AF09D /* PBXTargetDependency */ = {
			isa = PBXTargetDependency;
			target = 4408D92D0FF248F2A511CE0B /* CicoProject */;
			targetProxy = 413FDC1BBCD54D0FAEDF0F89 /* PBXContainerItemProxy */;
		};
/* End PBXTargetDependency section */

/* Begin XCBuildConfiguration section */
		168271728D2040F9BEB4B6E5 /* Release */ = {
			isa = XCBuildConfiguration;
			buildSettings = {
				ARCHS = "$(ARCHS_STANDARD)";
				COMBINE_HIDPI_IMAGES = YES;
				CONFIGURATION_BUILD_DIR = /Users/gabrielvalky/Documents/git/Projects/CicoJit/gamelib/tuneller/dos/cicorun/build/Release;
				EXECUTABLE_PREFIX = "";
				EXECUTABLE_SUFFIX = "";
				GCC_GENERATE_DEBUGGING_SYMBOLS = NO;
				GCC_INLINES_ARE_PRIVATE_EXTERN = NO;
				GCC_OPTIMIZATION_LEVEL = 3;
				GCC_PREPROCESSOR_DEFINITIONS = (
					"'CMAKE_INTDIR=\"$(CONFIGURATION)$(EFFECTIVE_PLATFORM_NAME)\"'",
					"$(inherited)",
				);
				GCC_SYMBOLS_PRIVATE_EXTERN = NO;
				HEADER_SEARCH_PATHS = (
					/opt/homebrew/Cellar/sdl2/2.28.5/include,
					"$(inherited)",
				);
				INSTALL_PATH = "";
				LD_RUNPATH_SEARCH_PATHS = (
					/opt/homebrew/Cellar/sdl2/2.28.5/lib,
					"$(inherited)",
				);
				LIBRARY_SEARCH_PATHS = (
					"/opt/homebrew/Cellar/sdl2/2.28.5/lib/$(CONFIGURATION)$(EFFECTIVE_PLATFORM_NAME)",
					/opt/homebrew/Cellar/sdl2/2.28.5/lib,
					"$(inherited)",
				);
				ONLY_ACTIVE_ARCH = YES;
				OTHER_CPLUSPLUSFLAGS = (
					"-DNDEBUG",
					"'-std=gnu++11'",
				);
				OTHER_LDFLAGS = (
					"-Wl,-search_paths_first",
					"-Wl,-headerpad_max_install_names",
					/opt/homebrew/Cellar/sdl2/2.28.5/lib/libSDL2.dylib,
					"$(inherited)",
				);
				OTHER_REZFLAGS = "";
				PRODUCT_NAME = CicoProject;
				SECTORDER_FLAGS = "";
				SYSTEM_HEADER_SEARCH_PATHS = (
					/opt/homebrew/Cellar/sdl2/2.28.5/include/SDL2,
					"$(inherited)",
				);
				TARGET_TEMP_DIR = "/Users/gabrielvalky/Documents/git/Projects/CicoJit/gamelib/tuneller/dos/cicorun/build/build/CicoProject.build/$(CONFIGURATION)$(EFFECTIVE_PLATFORM_NAME)";
				USE_HEADERMAP = NO;
				WARNING_CFLAGS = "$(inherited)";
			};
			name = Release;
		};
		2497D6B6EDE94F83B722BF61 /* MinSizeRel */ = {
			isa = XCBuildConfiguration;
			buildSettings = {
				ARCHS = "$(ARCHS_STANDARD)";
				COMBINE_HIDPI_IMAGES = YES;
				GCC_GENERATE_DEBUGGING_SYMBOLS = YES;
				GCC_INLINES_ARE_PRIVATE_EXTERN = NO;
				GCC_OPTIMIZATION_LEVEL = 0;
				GCC_PREPROCESSOR_DEFINITIONS = (
					"'CMAKE_INTDIR=\"$(CONFIGURATION)$(EFFECTIVE_PLATFORM_NAME)\"'",
					"$(inherited)",
				);
				GCC_SYMBOLS_PRIVATE_EXTERN = NO;
				INSTALL_PATH = "";
				ONLY_ACTIVE_ARCH = YES;
				OTHER_LDFLAGS = " $(inherited)";
				OTHER_REZFLAGS = "";
				PRODUCT_NAME = ALL_BUILD;
				SECTORDER_FLAGS = "";
				USE_HEADERMAP = NO;
				WARNING_CFLAGS = "$(inherited)";
			};
			name = MinSizeRel;
		};
		359A5CFB12D149708F7A4CFE /* Release */ = {
			isa = XCBuildConfiguration;
			buildSettings = {
				ARCHS = "$(ARCHS_STANDARD)";
				COMBINE_HIDPI_IMAGES = YES;
				GCC_GENERATE_DEBUGGING_SYMBOLS = YES;
				GCC_INLINES_ARE_PRIVATE_EXTERN = NO;
				GCC_OPTIMIZATION_LEVEL = 0;
				GCC_PREPROCESSOR_DEFINITIONS = (
					"'CMAKE_INTDIR=\"$(CONFIGURATION)$(EFFECTIVE_PLATFORM_NAME)\"'",
					"$(inherited)",
				);
				GCC_SYMBOLS_PRIVATE_EXTERN = NO;
				INSTALL_PATH = "";
				ONLY_ACTIVE_ARCH = YES;
				OTHER_LDFLAGS = " $(inherited)";
				OTHER_REZFLAGS = "";
				PRODUCT_NAME = ALL_BUILD;
				SECTORDER_FLAGS = "";
				USE_HEADERMAP = NO;
				WARNING_CFLAGS = "$(inherited)";
			};
			name = Release;
		};
		54A928739073423994577454 /* Debug */ = {
			isa = XCBuildConfiguration;
			buildSettings = {
				ARCHS = "$(ARCHS_STANDARD)";
				COMBINE_HIDPI_IMAGES = YES;
				GCC_GENERATE_DEBUGGING_SYMBOLS = YES;
				GCC_INLINES_ARE_PRIVATE_EXTERN = NO;
				GCC_OPTIMIZATION_LEVEL = 0;
				GCC_PREPROCESSOR_DEFINITIONS = (
					"'CMAKE_INTDIR=\"$(CONFIGURATION)$(EFFECTIVE_PLATFORM_NAME)\"'",
					"$(inherited)",
				);
				GCC_SYMBOLS_PRIVATE_EXTERN = NO;
				INSTALL_PATH = "";
				ONLY_ACTIVE_ARCH = YES;
				OTHER_LDFLAGS = " $(inherited)";
				OTHER_REZFLAGS = "";
				PRODUCT_NAME = ALL_BUILD;
				SECTORDER_FLAGS = "";
				USE_HEADERMAP = NO;
				WARNING_CFLAGS = "$(inherited)";
			};
			name = Debug;
		};
		66F5C9F6B0174247B77EED46 /* Debug */ = {
			isa = XCBuildConfiguration;
			buildSettings = {
				ARCHS = "$(ARCHS_STANDARD)";
				COMBINE_HIDPI_IMAGES = YES;
				CONFIGURATION_BUILD_DIR = /Users/gabrielvalky/Documents/git/Projects/CicoJit/gamelib/tuneller/dos/cicorun/build/Debug;
				EXECUTABLE_PREFIX = "";
				EXECUTABLE_SUFFIX = "";
				GCC_GENERATE_DEBUGGING_SYMBOLS = YES;
				GCC_INLINES_ARE_PRIVATE_EXTERN = NO;
				GCC_OPTIMIZATION_LEVEL = 0;
				GCC_PREPROCESSOR_DEFINITIONS = (
					"'CMAKE_INTDIR=\"$(CONFIGURATION)$(EFFECTIVE_PLATFORM_NAME)\"'",
					"$(inherited)",
				);
				GCC_SYMBOLS_PRIVATE_EXTERN = NO;
				HEADER_SEARCH_PATHS = (
					/opt/homebrew/Cellar/sdl2/2.28.5/include,
					"$(inherited)",
				);
				INSTALL_PATH = "";
				LD_RUNPATH_SEARCH_PATHS = (
					/opt/homebrew/Cellar/sdl2/2.28.5/lib,
					"$(inherited)",
				);
				LIBRARY_SEARCH_PATHS = (
					"/opt/homebrew/Cellar/sdl2/2.28.5/lib/$(CONFIGURATION)$(EFFECTIVE_PLATFORM_NAME)",
					/opt/homebrew/Cellar/sdl2/2.28.5/lib,
					"$(inherited)",
				);
				ONLY_ACTIVE_ARCH = YES;
				OTHER_CPLUSPLUSFLAGS = "   '-std=gnu++11' ";
				OTHER_LDFLAGS = (
					"-Wl,-search_paths_first",
					"-Wl,-headerpad_max_install_names",
					/opt/homebrew/Cellar/sdl2/2.28.5/lib/libSDL2.dylib,
					"$(inherited)",
				);
				OTHER_REZFLAGS = "";
				PRODUCT_NAME = CicoProject;
				SECTORDER_FLAGS = "";
				SYSTEM_HEADER_SEARCH_PATHS = (
					/opt/homebrew/Cellar/sdl2/2.28.5/include/SDL2,
					"$(inherited)",
				);
				TARGET_TEMP_DIR = "/Users/gabrielvalky/Documents/git/Projects/CicoJit/gamelib/tuneller/dos/cicorun/build/build/CicoProject.build/$(CONFIGURATION)$(EFFECTIVE_PLATFORM_NAME)";
				USE_HEADERMAP = NO;
				WARNING_CFLAGS = "$(inherited)";
			};
			name = Debug;
		};
		691BFDFACAC74509B279335F /* Debug */ = {
			isa = XCBuildConfiguration;
			buildSettings = {
				ARCHS = x86_64;
				MACOSX_DEPLOYMENT_TARGET = 14.4;
				SDKROOT = /Applications/Xcode.app/Contents/Developer/Platforms/MacOSX.platform/Developer/SDKs/MacOSX14.5.sdk;
				SYMROOT = /Users/gabrielvalky/Documents/git/Projects/CicoJit/gamelib/tuneller/dos/cicorun/build/build;
			};
			name = Debug;
		};
		73A27C884BD547C8A1A4934D /* RelWithDebInfo */ = {
			isa = XCBuildConfiguration;
			buildSettings = {
				ARCHS = "$(ARCHS_STANDARD)";
				COMBINE_HIDPI_IMAGES = YES;
				CONFIGURATION_BUILD_DIR = /Users/gabrielvalky/Documents/git/Projects/CicoJit/gamelib/tuneller/dos/cicorun/build/RelWithDebInfo;
				EXECUTABLE_PREFIX = "";
				EXECUTABLE_SUFFIX = "";
				GCC_GENERATE_DEBUGGING_SYMBOLS = YES;
				GCC_INLINES_ARE_PRIVATE_EXTERN = NO;
				GCC_OPTIMIZATION_LEVEL = 2;
				GCC_PREPROCESSOR_DEFINITIONS = (
					"'CMAKE_INTDIR=\"$(CONFIGURATION)$(EFFECTIVE_PLATFORM_NAME)\"'",
					"$(inherited)",
				);
				GCC_SYMBOLS_PRIVATE_EXTERN = NO;
				HEADER_SEARCH_PATHS = (
					/opt/homebrew/Cellar/sdl2/2.28.5/include,
					"$(inherited)",
				);
				INSTALL_PATH = "";
				LD_RUNPATH_SEARCH_PATHS = (
					/opt/homebrew/Cellar/sdl2/2.28.5/lib,
					"$(inherited)",
				);
				LIBRARY_SEARCH_PATHS = (
					"/opt/homebrew/Cellar/sdl2/2.28.5/lib/$(CONFIGURATION)$(EFFECTIVE_PLATFORM_NAME)",
					/opt/homebrew/Cellar/sdl2/2.28.5/lib,
					"$(inherited)",
				);
				ONLY_ACTIVE_ARCH = YES;
				OTHER_CPLUSPLUSFLAGS = (
					"-DNDEBUG",
					"'-std=gnu++11'",
				);
				OTHER_LDFLAGS = (
					"-Wl,-search_paths_first",
					"-Wl,-headerpad_max_install_names",
					/opt/homebrew/Cellar/sdl2/2.28.5/lib/libSDL2.dylib,
					"$(inherited)",
				);
				OTHER_REZFLAGS = "";
				PRODUCT_NAME = CicoProject;
				SECTORDER_FLAGS = "";
				SYSTEM_HEADER_SEARCH_PATHS = (
					/opt/homebrew/Cellar/sdl2/2.28.5/include/SDL2,
					"$(inherited)",
				);
				TARGET_TEMP_DIR = "/Users/gabrielvalky/Documents/git/Projects/CicoJit/gamelib/tuneller/dos/cicorun/build/build/CicoProject.build/$(CONFIGURATION)$(EFFECTIVE_PLATFORM_NAME)";
				USE_HEADERMAP = NO;
				WARNING_CFLAGS = "$(inherited)";
			};
			name = RelWithDebInfo;
		};
		8CFCB236AFF84405A5982555 /* MinSizeRel */ = {
			isa = XCBuildConfiguration;
			buildSettings = {
				ARCHS = x86_64;
				MACOSX_DEPLOYMENT_TARGET = 14.4;
				SDKROOT = /Applications/Xcode.app/Contents/Developer/Platforms/MacOSX.platform/Developer/SDKs/MacOSX14.5.sdk;
				SYMROOT = /Users/gabrielvalky/Documents/git/Projects/CicoJit/gamelib/tuneller/dos/cicorun/build/build;
			};
			name = MinSizeRel;
		};
		9757D08C80DF459294739488 /* Release */ = {
			isa = XCBuildConfiguration;
			buildSettings = {
				ARCHS = x86_64;
				MACOSX_DEPLOYMENT_TARGET = 14.4;
				SDKROOT = /Applications/Xcode.app/Contents/Developer/Platforms/MacOSX.platform/Developer/SDKs/MacOSX14.5.sdk;
				SYMROOT = /Users/gabrielvalky/Documents/git/Projects/CicoJit/gamelib/tuneller/dos/cicorun/build/build;
			};
			name = Release;
		};
		A4629C7BE70A486E9A0C2946 /* RelWithDebInfo */ = {
			isa = XCBuildConfiguration;
			buildSettings = {
				ARCHS = x86_64;
				MACOSX_DEPLOYMENT_TARGET = 14.4;
				SDKROOT = /Applications/Xcode.app/Contents/Developer/Platforms/MacOSX.platform/Developer/SDKs/MacOSX14.5.sdk;
				SYMROOT = /Users/gabrielvalky/Documents/git/Projects/CicoJit/gamelib/tuneller/dos/cicorun/build/build;
			};
			name = RelWithDebInfo;
		};
		AF0F89C61895443590321D49 /* MinSizeRel */ = {
			isa = XCBuildConfiguration;
			buildSettings = {
				ARCHS = "$(ARCHS_STANDARD)";
				COMBINE_HIDPI_IMAGES = YES;
				CONFIGURATION_BUILD_DIR = /Users/gabrielvalky/Documents/git/Projects/CicoJit/gamelib/tuneller/dos/cicorun/build/MinSizeRel;
				EXECUTABLE_PREFIX = "";
				EXECUTABLE_SUFFIX = "";
				GCC_GENERATE_DEBUGGING_SYMBOLS = NO;
				GCC_INLINES_ARE_PRIVATE_EXTERN = NO;
				GCC_OPTIMIZATION_LEVEL = s;
				GCC_PREPROCESSOR_DEFINITIONS = (
					"'CMAKE_INTDIR=\"$(CONFIGURATION)$(EFFECTIVE_PLATFORM_NAME)\"'",
					"$(inherited)",
				);
				GCC_SYMBOLS_PRIVATE_EXTERN = NO;
				HEADER_SEARCH_PATHS = (
					/opt/homebrew/Cellar/sdl2/2.28.5/include,
					"$(inherited)",
				);
				INSTALL_PATH = "";
				LD_RUNPATH_SEARCH_PATHS = (
					/opt/homebrew/Cellar/sdl2/2.28.5/lib,
					"$(inherited)",
				);
				LIBRARY_SEARCH_PATHS = (
					"/opt/homebrew/Cellar/sdl2/2.28.5/lib/$(CONFIGURATION)$(EFFECTIVE_PLATFORM_NAME)",
					/opt/homebrew/Cellar/sdl2/2.28.5/lib,
					"$(inherited)",
				);
				ONLY_ACTIVE_ARCH = YES;
				OTHER_CPLUSPLUSFLAGS = (
					"-DNDEBUG",
					"'-std=gnu++11'",
				);
				OTHER_LDFLAGS = (
					"-Wl,-search_paths_first",
					"-Wl,-headerpad_max_install_names",
					/opt/homebrew/Cellar/sdl2/2.28.5/lib/libSDL2.dylib,
					"$(inherited)",
				);
				OTHER_REZFLAGS = "";
				PRODUCT_NAME = CicoProject;
				SECTORDER_FLAGS = "";
				SYSTEM_HEADER_SEARCH_PATHS = (
					/opt/homebrew/Cellar/sdl2/2.28.5/include/SDL2,
					"$(inherited)",
				);
				TARGET_TEMP_DIR = "/Users/gabrielvalky/Documents/git/Projects/CicoJit/gamelib/tuneller/dos/cicorun/build/build/CicoProject.build/$(CONFIGURATION)$(EFFECTIVE_PLATFORM_NAME)";
				USE_HEADERMAP = NO;
				WARNING_CFLAGS = "$(inherited)";
			};
			name = MinSizeRel;
		};
		ECBAA45E945B4274885CD560 /* RelWithDebInfo */ = {
			isa = XCBuildConfiguration;
			buildSettings = {
				ARCHS = "$(ARCHS_STANDARD)";
				COMBINE_HIDPI_IMAGES = YES;
				GCC_GENERATE_DEBUGGING_SYMBOLS = YES;
				GCC_INLINES_ARE_PRIVATE_EXTERN = NO;
				GCC_OPTIMIZATION_LEVEL = 0;
				GCC_PREPROCESSOR_DEFINITIONS = (
					"'CMAKE_INTDIR=\"$(CONFIGURATION)$(EFFECTIVE_PLATFORM_NAME)\"'",
					"$(inherited)",
				);
				GCC_SYMBOLS_PRIVATE_EXTERN = NO;
				INSTALL_PATH = "";
				ONLY_ACTIVE_ARCH = YES;
				OTHER_LDFLAGS = " $(inherited)";
				OTHER_REZFLAGS = "";
				PRODUCT_NAME = ALL_BUILD;
				SECTORDER_FLAGS = "";
				USE_HEADERMAP = NO;
				WARNING_CFLAGS = "$(inherited)";
			};
			name = RelWithDebInfo;
		};
/* End XCBuildConfiguration section */

/* Begin XCConfigurationList section */
		3E3CB7CD04D440259C323EBD /* Build configuration list for PBXAggregateTarget "ALL_BUILD" */ = {
			isa = XCConfigurationList;
			buildConfigurations = (
				54A928739073423994577454 /* Debug */,
				359A5CFB12D149708F7A4CFE /* Release */,
				2497D6B6EDE94F83B722BF61 /* MinSizeRel */,
				ECBAA45E945B4274885CD560 /* RelWithDebInfo */,
			);
			defaultConfigurationIsVisible = 0;
			defaultConfigurationName = Debug;
		};
		EEC5536591C642DF8D2C4066 /* Build configuration list for PBXProject "CicoProject" */ = {
			isa = XCConfigurationList;
			buildConfigurations = (
				691BFDFACAC74509B279335F /* Debug */,
				9757D08C80DF459294739488 /* Release */,
				8CFCB236AFF84405A5982555 /* MinSizeRel */,
				A4629C7BE70A486E9A0C2946 /* RelWithDebInfo */,
			);
			defaultConfigurationIsVisible = 0;
			defaultConfigurationName = Debug;
		};
		F07523B0A6DD4BF3A2A11D14 /* Build configuration list for PBXNativeTarget "CicoProject" */ = {
			isa = XCConfigurationList;
			buildConfigurations = (
				66F5C9F6B0174247B77EED46 /* Debug */,
				168271728D2040F9BEB4B6E5 /* Release */,
				AF0F89C61895443590321D49 /* MinSizeRel */,
				73A27C884BD547C8A1A4934D /* RelWithDebInfo */,
			);
			defaultConfigurationIsVisible = 0;
			defaultConfigurationName = Debug;
		};
/* End XCConfigurationList section */
	};
	rootObject = C7157063236B4A8482C3FE91 /* Project object */;
}
